
Microsoft Visual Studio Solution File, Format Version 12.00
# Visual Studio Version 16
VisualStudioVersion = 16.0.29215.179
MinimumVisualStudioVersion = 10.0.40219.1
Project("{FAE04EC0-301F-11D3-BF4B-00C04F79EFBC}") = "AppMultiLenguaje", "AppMultiLenguaje\AppMultiLenguaje.csproj", "{225CA889-24D3-4878-BAAC-A9CBF9318980}"
EndProject
Global
	GlobalSection(SolutionConfigurationPlatforms) = preSolution
		Debug|Any CPU = Debug|Any CPU
		Release|Any CPU = Release|Any CPU
	EndGlobalSection
	GlobalSection(ProjectConfigurationPlatforms) = postSolution
		{225CA889-24D3-4878-BAAC-A9CBF9318980}.Debug|Any CPU.ActiveCfg = Debug|Any CPU
		{225CA889-24D3-4878-BAAC-A9CBF9318980}.Debug|Any CPU.Build.0 = Debug|Any CPU
		{225CA889-24D3-4878-BAAC-A9CBF9318980}.Release|Any CPU.ActiveCfg = Release|Any CPU
		{225CA889-24D3-4878-BAAC-A9CBF9318980}.Release|Any CPU.Build.0 = Release|Any CPU
	EndGlobalSection
	GlobalSection(SolutionProperties) = preSolution
		HideSolutionNode = FALSE
	EndGlobalSection
	GlobalSection(ExtensibilityGlobals) = postSolution
		SolutionGuid = {4F78749E-4E04-4942-B7B3-4207B5763234}
	EndGlobalSection
EndGlobal
